
Microsoft Visual Studio Solution File, Format Version 12.00
# Visual Studio Version 16
VisualStudioVersion = 25.0.1700.0
MinimumVisualStudioVersion = 10.0.40219.1
Project("{FAE04EC0-301F-11D3-BF4B-00C04F79EFBC}") = "realise.software", "realise.software\realise.software.csproj", "{4CC62B42-D235-4A64-9F04-BBCC6F67EA72}"
EndProject
Global
	GlobalSection(SolutionConfigurationPlatforms) = preSolution
		Debug|Any CPU = Debug|Any CPU
		Release|Any CPU = Release|Any CPU
	EndGlobalSection
	GlobalSection(ProjectConfigurationPlatforms) = postSolution
		{4CC62B42-D235-4A64-9F04-BBCC6F67EA72}.Debug|Any CPU.ActiveCfg = Debug|Any CPU
		{4CC62B42-D235-4A64-9F04-BBCC6F67EA72}.Debug|Any CPU.Build.0 = Debug|Any CPU
		{4CC62B42-D235-4A64-9F04-BBCC6F67EA72}.Release|Any CPU.ActiveCfg = Release|Any CPU
		{4CC62B42-D235-4A64-9F04-BBCC6F67EA72}.Release|Any CPU.Build.0 = Release|Any CPU
	EndGlobalSection
	GlobalSection(SolutionProperties) = preSolution
		HideSolutionNode = FALSE
	EndGlobalSection
	GlobalSection(ExtensibilityGlobals) = postSolution
		SolutionGuid = {60D8AF91-F7E5-473C-AC58-DDC568D1AAA8}
	EndGlobalSection
EndGlobal
